
Microsoft Visual Studio Solution File, Format Version 12.00
# Visual Studio Version 17
VisualStudioVersion = 17.4.33213.308
MinimumVisualStudioVersion = 10.0.40219.1
Project("{FAE04EC0-301F-11D3-BF4B-00C04F79EFBC}") = "BigBangAssessment_HotelManagement", "BigBangAssessment_HotelManagement.csproj", "{47D2A6F1-5E4A-4BB9-AE8D-A2FEC1189EC2}"
EndProject
Global
	GlobalSection(SolutionConfigurationPlatforms) = preSolution
		Debug|Any CPU = Debug|Any CPU
		Release|Any CPU = Release|Any CPU
	EndGlobalSection
	GlobalSection(ProjectConfigurationPlatforms) = postSolution
		{47D2A6F1-5E4A-4BB9-AE8D-A2FEC1189EC2}.Debug|Any CPU.ActiveCfg = Debug|Any CPU
		{47D2A6F1-5E4A-4BB9-AE8D-A2FEC1189EC2}.Debug|Any CPU.Build.0 = Debug|Any CPU
		{47D2A6F1-5E4A-4BB9-AE8D-A2FEC1189EC2}.Release|Any CPU.ActiveCfg = Release|Any CPU
		{47D2A6F1-5E4A-4BB9-AE8D-A2FEC1189EC2}.Release|Any CPU.Build.0 = Release|Any CPU
	EndGlobalSection
	GlobalSection(SolutionProperties) = preSolution
		HideSolutionNode = FALSE
	EndGlobalSection
	GlobalSection(ExtensibilityGlobals) = postSolution
		SolutionGuid = {EC458D43-018F-4DDC-8E62-42478D14FB36}
	EndGlobalSection
EndGlobal
